
Microsoft Visual Studio Solution File, Format Version 12.00
# Visual Studio Version 17
VisualStudioVersion = 17.3.32811.315
MinimumVisualStudioVersion = 10.0.40219.1
Project("{9A19103F-16F7-4668-BE54-9A1E7A4F7556}") = "EcoPowerLogistics-API", "EcoPowerLogistics-API\EcoPowerLogistics-API.csproj", "{98EFC587-B95B-486C-B344-2C12C14A0CAF}"
EndProject
Global
	GlobalSection(SolutionConfigurationPlatforms) = preSolution
		Debug|Any CPU = Debug|Any CPU
		Release|Any CPU = Release|Any CPU
	EndGlobalSection
	GlobalSection(ProjectConfigurationPlatforms) = postSolution
		{98EFC587-B95B-486C-B344-2C12C14A0CAF}.Debug|Any CPU.ActiveCfg = Debug|Any CPU
		{98EFC587-B95B-486C-B344-2C12C14A0CAF}.Debug|Any CPU.Build.0 = Debug|Any CPU
		{98EFC587-B95B-486C-B344-2C12C14A0CAF}.Release|Any CPU.ActiveCfg = Release|Any CPU
		{98EFC587-B95B-486C-B344-2C12C14A0CAF}.Release|Any CPU.Build.0 = Release|Any CPU
	EndGlobalSection
	GlobalSection(SolutionProperties) = preSolution
		HideSolutionNode = FALSE
	EndGlobalSection
	GlobalSection(ExtensibilityGlobals) = postSolution
		SolutionGuid = {02D7713C-82C7-4592-86F9-F0A6A6CCAFA5}
	EndGlobalSection
EndGlobal
